// !$*UTF8*$!
{
	archiveVersion = 1;
	classes = {
	};
	objectVersion = 48;
	objects = {

/* Begin PBXBuildFile section */
		65F8C44BD0D75F8C3DFA5D6C /* Pods_Realm3.framework in Frameworks */ = {isa = PBXBuildFile; fileRef = 426B2924FF78A49F015D3AEB /* Pods_Realm3.framework */; };
		911B65AB1F9D842D0036058B /* AppDelegate.swift in Sources */ = {isa = PBXBuildFile; fileRef = 911B65AA1F9D842D0036058B /* AppDelegate.swift */; };
		911B65AD1F9D842D0036058B /* ViewController.swift in Sources */ = {isa = PBXBuildFile; fileRef = 911B65AC1F9D842D0036058B /* ViewController.swift */; };
		911B65B01F9D842D0036058B /* Main.storyboard in Resources */ = {isa = PBXBuildFile; fileRef = 911B65AE1F9D842D0036058B /* Main.storyboard */; };
		911B65B21F9D842D0036058B /* Assets.xcassets in Resources */ = {isa = PBXBuildFile; fileRef = 911B65B11F9D842D0036058B /* Assets.xcassets */; };
		911B65B51F9D842D0036058B /* LaunchScreen.storyboard in Resources */ = {isa = PBXBuildFile; fileRef = 911B65B31F9D842D0036058B /* LaunchScreen.storyboard */; };
		91B418CF1F9D88B100D9836A /* RealmObjects.swift in Sources */ = {isa = PBXBuildFile; fileRef = 91B418CE1F9D88B100D9836A /* RealmObjects.swift */; };
		91B418D11F9D8C2F00D9836A /* GoogleService-Info.plist in Resources */ = {isa = PBXBuildFile; fileRef = 91B418D01F9D8C2F00D9836A /* GoogleService-Info.plist */; };
/* End PBXBuildFile section */

/* Begin PBXFileReference section */
		426B2924FF78A49F015D3AEB /* Pods_Realm3.framework */ = {isa = PBXFileReference; explicitFileType = wrapper.framework; includeInIndex = 0; path = Pods_Realm3.framework; sourceTree = BUILT_PRODUCTS_DIR; };
		911B65A71F9D842D0036058B /* Realm3.app */ = {isa = PBXFileReference; explicitFileType = wrapper.application; includeInIndex = 0; path = Realm3.app; sourceTree = BUILT_PRODUCTS_DIR; };
		911B65AA1F9D842D0036058B /* AppDelegate.swift */ = {isa = PBXFileReference; lastKnownFileType = sourcecode.swift; path = AppDelegate.swift; sourceTree = "<group>"; };
		911B65AC1F9D842D0036058B /* ViewController.swift */ = {isa = PBXFileReference; lastKnownFileType = sourcecode.swift; path = ViewController.swift; sourceTree = "<group>"; };
		911B65AF1F9D842D0036058B /* Base */ = {isa = PBXFileReference; lastKnownFileType = file.storyboard; name = Base; path = Base.lproj/Main.storyboard; sourceTree = "<group>"; };
		911B65B11F9D842D0036058B /* Assets.xcassets */ = {isa = PBXFileReference; lastKnownFileType = folder.assetcatalog; path = Assets.xcassets; sourceTree = "<group>"; };
		911B65B41F9D842D0036058B /* Base */ = {isa = PBXFileReference; lastKnownFileType = file.storyboard; name = Base; path = Base.lproj/LaunchScreen.storyboard; sourceTree = "<group>"; };
		911B65B61F9D842D0036058B /* Info.plist */ = {isa = PBXFileReference; lastKnownFileType = text.plist.xml; path = Info.plist; sourceTree = "<group>"; };
		91B418CE1F9D88B100D9836A /* RealmObjects.swift */ = {isa = PBXFileReference; lastKnownFileType = sourcecode.swift; path = RealmObjects.swift; sourceTree = "<group>"; };
		91B418D01F9D8C2F00D9836A /* GoogleService-Info.plist */ = {isa = PBXFileReference; fileEncoding = 4; lastKnownFileType = text.plist.xml; path = "GoogleService-Info.plist"; sourceTree = "<group>"; };
		C91FCBCEEAB4A5AB3628A1AF /* Pods-Realm3.debug.xcconfig */ = {isa = PBXFileReference; includeInIndex = 1; lastKnownFileType = text.xcconfig; name = "Pods-Realm3.debug.xcconfig"; path = "Pods/Target Support Files/Pods-Realm3/Pods-Realm3.debug.xcconfig"; sourceTree = "<group>"; };
		FE0E3C523D9A00AC1A43A2E0 /* Pods-Realm3.release.xcconfig */ = {isa = PBXFileReference; includeInIndex = 1; lastKnownFileType = text.xcconfig; name = "Pods-Realm3.release.xcconfig"; path = "Pods/Target Support Files/Pods-Realm3/Pods-Realm3.release.xcconfig"; sourceTree = "<group>"; };
/* End PBXFileReference section */

/* Begin PBXFrameworksBuildPhase section */
		911B65A41F9D842D0036058B /* Frameworks */ = {
			isa = PBXFrameworksBuildPhase;
			buildActionMask = 2147483647;
			files = (
				65F8C44BD0D75F8C3DFA5D6C /* Pods_Realm3.framework in Frameworks */,
			);
			runOnlyForDeploymentPostprocessing = 0;
		};
/* End PBXFrameworksBuildPhase section */

/* Begin PBXGroup section */
		387B07791AEED31436CC658C /* Frameworks */ = {
			isa = PBXGroup;
			children = (
				426B2924FF78A49F015D3AEB /* Pods_Realm3.framework */,
			);
			name = Frameworks;
			sourceTree = "<group>";
		};
		911B659E1F9D842D0036058B = {
			isa = PBXGroup;
			children = (
				911B65A91F9D842D0036058B /* Realm3 */,
				911B65A81F9D842D0036058B /* Products */,
				F65E85640A8D122500F55134 /* Pods */,
				387B07791AEED31436CC658C /* Frameworks */,
			);
			sourceTree = "<group>";
		};
		911B65A81F9D842D0036058B /* Products */ = {
			isa = PBXGroup;
			children = (
				911B65A71F9D842D0036058B /* Realm3.app */,
			);
			name = Products;
			sourceTree = "<group>";
		};
		911B65A91F9D842D0036058B /* Realm3 */ = {
			isa = PBXGroup;
			children = (
				91B418D01F9D8C2F00D9836A /* GoogleService-Info.plist */,
				911B65AA1F9D842D0036058B /* AppDelegate.swift */,
				911B65AC1F9D842D0036058B /* ViewController.swift */,
				91B418CE1F9D88B100D9836A /* RealmObjects.swift */,
				911B65AE1F9D842D0036058B /* Main.storyboard */,
				911B65B11F9D842D0036058B /* Assets.xcassets */,
				911B65B31F9D842D0036058B /* LaunchScreen.storyboard */,
				911B65B61F9D842D0036058B /* Info.plist */,
			);
			path = Realm3;
			sourceTree = "<group>";
		};
		F65E85640A8D122500F55134 /* Pods */ = {
			isa = PBXGroup;
			children = (
				C91FCBCEEAB4A5AB3628A1AF /* Pods-Realm3.debug.xcconfig */,
				FE0E3C523D9A00AC1A43A2E0 /* Pods-Realm3.release.xcconfig */,
			);
			name = Pods;
			sourceTree = "<group>";
		};
/* End PBXGroup section */

/* Begin PBXNativeTarget section */
		911B65A61F9D842D0036058B /* Realm3 */ = {
			isa = PBXNativeTarget;
			buildConfigurationList = 911B65B91F9D842D0036058B /* Build configuration list for PBXNativeTarget "Realm3" */;
			buildPhases = (
				BEF6579A90A1A3685E63C139 /* [CP] Check Pods Manifest.lock */,
				911B65A31F9D842D0036058B /* Sources */,
				911B65A41F9D842D0036058B /* Frameworks */,
				911B65A51F9D842D0036058B /* Resources */,
				2BC6DBD6D7E1E593A322475E /* [CP] Embed Pods Frameworks */,
				4175DBB86C83D4C8250AFA5A /* [CP] Copy Pods Resources */,
			);
			buildRules = (
			);
			dependencies = (
			);
			name = Realm3;
			productName = Realm3;
			productReference = 911B65A71F9D842D0036058B /* Realm3.app */;
			productType = "com.apple.product-type.application";
		};
/* End PBXNativeTarget section */

/* Begin PBXProject section */
		911B659F1F9D842D0036058B /* Project object */ = {
			isa = PBXProject;
			attributes = {
				LastSwiftUpdateCheck = 0900;
				LastUpgradeCheck = 0900;
				ORGANIZATIONNAME = Bennett;
				TargetAttributes = {
					911B65A61F9D842D0036058B = {
						CreatedOnToolsVersion = 9.0;
						ProvisioningStyle = Automatic;
					};
				};
			};
			buildConfigurationList = 911B65A21F9D842D0036058B /* Build configuration list for PBXProject "Realm3" */;
			compatibilityVersion = "Xcode 8.0";
			developmentRegion = en;
			hasScannedForEncodings = 0;
			knownRegions = (
				en,
				Base,
			);
			mainGroup = 911B659E1F9D842D0036058B;
			productRefGroup = 911B65A81F9D842D0036058B /* Products */;
			projectDirPath = "";
			projectRoot = "";
			targets = (
				911B65A61F9D842D0036058B /* Realm3 */,
			);
		};
/* End PBXProject section */

/* Begin PBXResourcesBuildPhase section */
		911B65A51F9D842D0036058B /* Resources */ = {
			isa = PBXResourcesBuildPhase;
			buildActionMask = 2147483647;
			files = (
				911B65B51F9D842D0036058B /* LaunchScreen.storyboard in Resources */,
				91B418D11F9D8C2F00D9836A /* GoogleService-Info.plist in Resources */,
				911B65B21F9D842D0036058B /* Assets.xcassets in Resources */,
				911B65B01F9D842D0036058B /* Main.storyboard in Resources */,
			);
			runOnlyForDeploymentPostprocessing = 0;
		};
/* End PBXResourcesBuildPhase section */

/* Begin PBXShellScriptBuildPhase section */
		2BC6DBD6D7E1E593A322475E /* [CP] Embed Pods Frameworks */ = {
			isa = PBXShellScriptBuildPhase;
			buildActionMask = 2147483647;
			files = (
			);
			inputPaths = (
				"${SRCROOT}/Pods/Target Support Files/Pods-Realm3/Pods-Realm3-frameworks.sh",
				"${BUILT_PRODUCTS_DIR}/GoogleToolboxForMac/GoogleToolboxForMac.framework",
				"${BUILT_PRODUCTS_DIR}/Realm/Realm.framework",
				"${BUILT_PRODUCTS_DIR}/RealmSwift/RealmSwift.framework",
				"${BUILT_PRODUCTS_DIR}/leveldb-library/leveldb.framework",
				"${BUILT_PRODUCTS_DIR}/nanopb/nanopb.framework",
			);
			name = "[CP] Embed Pods Frameworks";
			outputPaths = (
				"${TARGET_BUILD_DIR}/${FRAMEWORKS_FOLDER_PATH}/GoogleToolboxForMac.framework",
				"${TARGET_BUILD_DIR}/${FRAMEWORKS_FOLDER_PATH}/Realm.framework",
				"${TARGET_BUILD_DIR}/${FRAMEWORKS_FOLDER_PATH}/RealmSwift.framework",
				"${TARGET_BUILD_DIR}/${FRAMEWORKS_FOLDER_PATH}/leveldb.framework",
				"${TARGET_BUILD_DIR}/${FRAMEWORKS_FOLDER_PATH}/nanopb.framework",
			);
			runOnlyForDeploymentPostprocessing = 0;
			shellPath = /bin/sh;
			shellScript = "\"${SRCROOT}/Pods/Target Support Files/Pods-Realm3/Pods-Realm3-frameworks.sh\"\n";
			showEnvVarsInLog = 0;
		};
		4175DBB86C83D4C8250AFA5A /* [CP] Copy Pods Resources */ = {
			isa = PBXShellScriptBuildPhase;
			buildActionMask = 2147483647;
			files = (
			);
			inputPaths = (
			);
			name = "[CP] Copy Pods Resources";
			outputPaths = (
			);
			runOnlyForDeploymentPostprocessing = 0;
			shellPath = /bin/sh;
			shellScript = "\"${SRCROOT}/Pods/Target Support Files/Pods-Realm3/Pods-Realm3-resources.sh\"\n";
			showEnvVarsInLog = 0;
		};
		BEF6579A90A1A3685E63C139 /* [CP] Check Pods Manifest.lock */ = {
			isa = PBXShellScriptBuildPhase;
			buildActionMask = 2147483647;
			files = (
			);
			inputPaths = (
				"${PODS_PODFILE_DIR_PATH}/Podfile.lock",
				"${PODS_ROOT}/Manifest.lock",
			);
			name = "[CP] Check Pods Manifest.lock";
			outputPaths = (
				"$(DERIVED_FILE_DIR)/Pods-Realm3-checkManifestLockResult.txt",
			);
			runOnlyForDeploymentPostprocessing = 0;
			shellPath = /bin/sh;
			shellScript = "diff \"${PODS_PODFILE_DIR_PATH}/Podfile.lock\" \"${PODS_ROOT}/Manifest.lock\" > /dev/null\nif [ $? != 0 ] ; then\n    # print error to STDERR\n    echo \"error: The sandbox is not in sync with the Podfile.lock. Run 'pod install' or update your CocoaPods installation.\" >&2\n    exit 1\nfi\n# This output is used by Xcode 'outputs' to avoid re-running this script phase.\necho \"SUCCESS\" > \"${SCRIPT_OUTPUT_FILE_0}\"\n";
			showEnvVarsInLog = 0;
		};
/* End PBXShellScriptBuildPhase section */

/* Begin PBXSourcesBuildPhase section */
		911B65A31F9D842D0036058B /* Sources */ = {
			isa = PBXSourcesBuildPhase;
			buildActionMask = 2147483647;
			files = (
				91B418CF1F9D88B100D9836A /* RealmObjects.swift in Sources */,
				911B65AD1F9D842D0036058B /* ViewController.swift in Sources */,
				911B65AB1F9D842D0036058B /* AppDelegate.swift in Sources */,
			);
			runOnlyForDeploymentPostprocessing = 0;
		};
/* End PBXSourcesBuildPhase section */

/* Begin PBXVariantGroup section */
		911B65AE1F9D842D0036058B /* Main.storyboard */ = {
			isa = PBXVariantGroup;
			children = (
				911B65AF1F9D842D0036058B /* Base */,
			);
			name = Main.storyboard;
			sourceTree = "<group>";
		};
		911B65B31F9D842D0036058B /* LaunchScreen.storyboard */ = {
			isa = PBXVariantGroup;
			children = (
				911B65B41F9D842D0036058B /* Base */,
			);
			name = LaunchScreen.storyboard;
			sourceTree = "<group>";
		};
/* End PBXVariantGroup section */

/* Begin XCBuildConfiguration section */
		911B65B71F9D842D0036058B /* Debug */ = {
			isa = XCBuildConfiguration;
			buildSettings = {
				ALWAYS_SEARCH_USER_PATHS = NO;
				CLANG_ANALYZER_NONNULL = YES;
				CLANG_ANALYZER_NUMBER_OBJECT_CONVERSION = YES_AGGRESSIVE;
				CLANG_CXX_LANGUAGE_STANDARD = "gnu++14";
				CLANG_CXX_LIBRARY = "libc++";
				CLANG_ENABLE_MODULES = YES;
				CLANG_ENABLE_OBJC_ARC = YES;
				CLANG_WARN_BLOCK_CAPTURE_AUTORELEASING = YES;
				CLANG_WARN_BOOL_CONVERSION = YES;
				CLANG_WARN_COMMA = YES;
				CLANG_WARN_CONSTANT_CONVERSION = YES;
				CLANG_WARN_DIRECT_OBJC_ISA_USAGE = YES_ERROR;
				CLANG_WARN_DOCUMENTATION_COMMENTS = YES;
				CLANG_WARN_EMPTY_BODY = YES;
				CLANG_WARN_ENUM_CONVERSION = YES;
				CLANG_WARN_INFINITE_RECURSION = YES;
				CLANG_WARN_INT_CONVERSION = YES;
				CLANG_WARN_NON_LITERAL_NULL_CONVERSION = YES;
				CLANG_WARN_OBJC_LITERAL_CONVERSION = YES;
				CLANG_WARN_OBJC_ROOT_CLASS = YES_ERROR;
				CLANG_WARN_RANGE_LOOP_ANALYSIS = YES;
				CLANG_WARN_STRICT_PROTOTYPES = YES;
				CLANG_WARN_SUSPICIOUS_MOVE = YES;
				CLANG_WARN_UNGUARDED_AVAILABILITY = YES_AGGRESSIVE;
				CLANG_WARN_UNREACHABLE_CODE = YES;
				CLANG_WARN__DUPLICATE_METHOD_MATCH = YES;
				CODE_SIGN_IDENTITY = "iPhone Developer";
				COPY_PHASE_STRIP = NO;
				DEBUG_INFORMATION_FORMAT = dwarf;
				ENABLE_STRICT_OBJC_MSGSEND = YES;
				ENABLE_TESTABILITY = YES;
				GCC_C_LANGUAGE_STANDARD = gnu11;
				GCC_DYNAMIC_NO_PIC = NO;
				GCC_NO_COMMON_BLOCKS = YES;
				GCC_OPTIMIZATION_LEVEL = 0;
				GCC_PREPROCESSOR_DEFINITIONS = (
					"DEBUG=1",
					"$(inherited)",
				);
				GCC_WARN_64_TO_32_BIT_CONVERSION = YES;
				GCC_WARN_ABOUT_RETURN_TYPE = YES_ERROR;
				GCC_WARN_UNDECLARED_SELECTOR = YES;
				GCC_WARN_UNINITIALIZED_AUTOS = YES_AGGRESSIVE;
				GCC_WARN_UNUSED_FUNCTION = YES;
				GCC_WARN_UNUSED_VARIABLE = YES;
				IPHONEOS_DEPLOYMENT_TARGET = 11.0;
				MTL_ENABLE_DEBUG_INFO = YES;
				ONLY_ACTIVE_ARCH = YES;
				SDKROOT = iphoneos;
				SWIFT_ACTIVE_COMPILATION_CONDITIONS = DEBUG;
				SWIFT_OPTIMIZATION_LEVEL = "-Onone";
			};
			name = Debug;
		};
		911B65B81F9D842D0036058B /* Release */ = {
			isa = XCBuildConfiguration;
			buildSettings = {
				ALWAYS_SEARCH_USER_PATHS = NO;
				CLANG_ANALYZER_NONNULL = YES;
				CLANG_ANALYZER_NUMBER_OBJECT_CONVERSION = YES_AGGRESSIVE;
				CLANG_CXX_LANGUAGE_STANDARD = "gnu++14";
				CLANG_CXX_LIBRARY = "libc++";
				CLANG_ENABLE_MODULES = YES;
				CLANG_ENABLE_OBJC_ARC = YES;
				CLANG_WARN_BLOCK_CAPTURE_AUTORELEASING = YES;
				CLANG_WARN_BOOL_CONVERSION = YES;
				CLANG_WARN_COMMA = YES;
				CLANG_WARN_CONSTANT_CONVERSION = YES;
				CLANG_WARN_DIRECT_OBJC_ISA_USAGE = YES_ERROR;
				CLANG_WARN_DOCUMENTATION_COMMENTS = YES;
				CLANG_WARN_EMPTY_BODY = YES;
				CLANG_WARN_ENUM_CONVERSION = YES;
				CLANG_WARN_INFINITE_RECURSION = YES;
				CLANG_WARN_INT_CONVERSION = YES;
				CLANG_WARN_NON_LITERAL_NULL_CONVERSION = YES;
				CLANG_WARN_OBJC_LITERAL_CONVERSION = YES;
				CLANG_WARN_OBJC_ROOT_CLASS = YES_ERROR;
				CLANG_WARN_RANGE_LOOP_ANALYSIS = YES;
				CLANG_WARN_STRICT_PROTOTYPES = YES;
				CLANG_WARN_SUSPICIOUS_MOVE = YES;
				CLANG_WARN_UNGUARDED_AVAILABILITY = YES_AGGRESSIVE;
				CLANG_WARN_UNREACHABLE_CODE = YES;
				CLANG_WARN__DUPLICATE_METHOD_MATCH = YES;
				CODE_SIGN_IDENTITY = "iPhone Developer";
				COPY_PHASE_STRIP = NO;
				DEBUG_INFORMATION_FORMAT = "dwarf-with-dsym";
				ENABLE_NS_ASSERTIONS = NO;
				ENABLE_STRICT_OBJC_MSGSEND = YES;
				GCC_C_LANGUAGE_STANDARD = gnu11;
				GCC_NO_COMMON_BLOCKS = YES;
				GCC_WARN_64_TO_32_BIT_CONVERSION = YES;
				GCC_WARN_ABOUT_RETURN_TYPE = YES_ERROR;
				GCC_WARN_UNDECLARED_SELECTOR = YES;
				GCC_WARN_UNINITIALIZED_AUTOS = YES_AGGRESSIVE;
				GCC_WARN_UNUSED_FUNCTION = YES;
				GCC_WARN_UNUSED_VARIABLE = YES;
				IPHONEOS_DEPLOYMENT_TARGET = 11.0;
				MTL_ENABLE_DEBUG_INFO = NO;
				SDKROOT = iphoneos;
				SWIFT_OPTIMIZATION_LEVEL = "-Owholemodule";
				VALIDATE_PRODUCT = YES;
			};
			name = Release;
		};
		911B65BA1F9D842D0036058B /* Debug */ = {
			isa = XCBuildConfiguration;
			baseConfigurationReference = C91FCBCEEAB4A5AB3628A1AF /* Pods-Realm3.debug.xcconfig */;
			buildSettings = {
				ASSETCATALOG_COMPILER_APPICON_NAME = AppIcon;
				CODE_SIGN_STYLE = Automatic;
				DEVELOPMENT_TEAM = L6BTPYG3M7;
				INFOPLIST_FILE = Realm3/Info.plist;
				LD_RUNPATH_SEARCH_PATHS = "$(inherited) @executable_path/Frameworks";
				PRODUCT_BUNDLE_IDENTIFIER = com.Bennett.Realm3;
				PRODUCT_NAME = "$(TARGET_NAME)";
				SWIFT_VERSION = 4.0;
				TARGETED_DEVICE_FAMILY = "1,2";
			};
			name = Debug;
		};
		911B65BB1F9D842D0036058B /* Release */ = {
			isa = XCBuildConfiguration;
			baseConfigurationReference = FE0E3C523D9A00AC1A43A2E0 /* Pods-Realm3.release.xcconfig */;
			buildSettings = {
				ASSETCATALOG_COMPILER_APPICON_NAME = AppIcon;
				CODE_SIGN_STYLE = Automatic;
				DEVELOPMENT_TEAM = L6BTPYG3M7;
				INFOPLIST_FILE = Realm3/Info.plist;
				LD_RUNPATH_SEARCH_PATHS = "$(inherited) @executable_path/Frameworks";
				PRODUCT_BUNDLE_IDENTIFIER = com.Bennett.Realm3;
				PRODUCT_NAME = "$(TARGET_NAME)";
				SWIFT_VERSION = 4.0;
				TARGETED_DEVICE_FAMILY = "1,2";
			};
			name = Release;
		};
/* End XCBuildConfiguration section */

/* Begin XCConfigurationList section */
		911B65A21F9D842D0036058B /* Build configuration list for PBXProject "Realm3" */ = {
			isa = XCConfigurationList;
			buildConfigurations = (
				911B65B71F9D842D0036058B /* Debug */,
				911B65B81F9D842D0036058B /* Release */,
			);
			defaultConfigurationIsVisible = 0;
			defaultConfigurationName = Release;
		};
		911B65B91F9D842D0036058B /* Build configuration list for PBXNativeTarget "Realm3" */ = {
			isa = XCConfigurationList;
			buildConfigurations = (
				911B65BA1F9D842D0036058B /* Debug */,
				911B65BB1F9D842D0036058B /* Release */,
			);
			defaultConfigurationIsVisible = 0;
			defaultConfigurationName = Release;
		};
/* End XCConfigurationList section */
	};
	rootObject = 911B659F1F9D842D0036058B /* Project object */;
}
